{
    "hash": "f7777a9dc63aa10b72aff1fd9f6fe198",
    "packages": [
        {
            "package": "guzzle/guzzle",
            "version": "v2.7.2"
        },
        {
            "package": "guzzle/silex-provider",
            "version": "dev-master",
            "source-reference": "1f5f7bdc076ee8e926ffb162e153733988007033",
            "commit-date": "1338396470"
        },
        {
            "package": "symfony/event-dispatcher",
            "version": "v2.0.15"
        }
    ],
    "packages-dev": null,
    "aliases": [

    ],
    "minimum-stability": "stable",
    "stability-flags": {
        "guzzle/silex-provider": 20,
        "phraseanet/php-sdk": 20,
        "silex/silex": 20
    }
}
