{
    "hash": "9278a069cec50ee028a9e5df2388e487",
    "packages": [
        {
            "package": "guzzle/guzzle",
            "version": "dev-master",
            "source-reference": "56c7fa0aebbac8b76a03ff8f6f7046b224a47266",
            "commit-date": "1341990616"
        },
        {
            "package": "guzzle/silex-provider",
            "version": "dev-master",
            "source-reference": "1f5f7bdc076ee8e926ffb162e153733988007033",
            "commit-date": "1338396470"
        },
        {
            "package": "symfony/event-dispatcher",
            "version": "v2.1.0-BETA2"
        }
    ],
    "packages-dev": null,
    "aliases": [

    ],
    "minimum-stability": "dev",
    "stability-flags": {
        "guzzle/silex-provider": 20,
        "phraseanet/php-sdk": 20,
        "silex/silex": 20
    }
}
